// !$*UTF8*$!
{
	archiveVersion = 1;
	classes = {
	};
	objectVersion = 50;
	objects = {

/* Begin PBXBuildFile section */
		BE06F5B425CE97D500B4784D /* SettingView.swift in Sources */ = {isa = PBXBuildFile; fileRef = BE06F5B325CE97D500B4784D /* SettingView.swift */; };
		BE20E4A225C7A902000F0E58 /* AppDelegate.swift in Sources */ = {isa = PBXBuildFile; fileRef = BE20E4A125C7A902000F0E58 /* AppDelegate.swift */; };
		BE20E4A425C7A902000F0E58 /* SceneDelegate.swift in Sources */ = {isa = PBXBuildFile; fileRef = BE20E4A325C7A902000F0E58 /* SceneDelegate.swift */; };
		BE20E4A625C7A902000F0E58 /* ContentView.swift in Sources */ = {isa = PBXBuildFile; fileRef = BE20E4A525C7A902000F0E58 /* ContentView.swift */; };
		BE20E4A825C7A905000F0E58 /* Assets.xcassets in Resources */ = {isa = PBXBuildFile; fileRef = BE20E4A725C7A905000F0E58 /* Assets.xcassets */; };
		BE20E4AB25C7A905000F0E58 /* Preview Assets.xcassets in Resources */ = {isa = PBXBuildFile; fileRef = BE20E4AA25C7A905000F0E58 /* Preview Assets.xcassets */; };
		BE20E4AE25C7A905000F0E58 /* LaunchScreen.storyboard in Resources */ = {isa = PBXBuildFile; fileRef = BE20E4AC25C7A905000F0E58 /* LaunchScreen.storyboard */; };
/* End PBXBuildFile section */

/* Begin PBXFileReference section */
		BE06F5B325CE97D500B4784D /* SettingView.swift */ = {isa = PBXFileReference; lastKnownFileType = sourcecode.swift; path = SettingView.swift; sourceTree = "<group>"; };
		BE20E49E25C7A902000F0E58 /* YoutubeUI.app */ = {isa = PBXFileReference; explicitFileType = wrapper.application; includeInIndex = 0; path = YoutubeUI.app; sourceTree = BUILT_PRODUCTS_DIR; };
		BE20E4A125C7A902000F0E58 /* AppDelegate.swift */ = {isa = PBXFileReference; lastKnownFileType = sourcecode.swift; path = AppDelegate.swift; sourceTree = "<group>"; };
		BE20E4A325C7A902000F0E58 /* SceneDelegate.swift */ = {isa = PBXFileReference; lastKnownFileType = sourcecode.swift; path = SceneDelegate.swift; sourceTree = "<group>"; };
		BE20E4A525C7A902000F0E58 /* ContentView.swift */ = {isa = PBXFileReference; lastKnownFileType = sourcecode.swift; path = ContentView.swift; sourceTree = "<group>"; };
		BE20E4A725C7A905000F0E58 /* Assets.xcassets */ = {isa = PBXFileReference; lastKnownFileType = folder.assetcatalog; path = Assets.xcassets; sourceTree = "<group>"; };
		BE20E4AA25C7A905000F0E58 /* Preview Assets.xcassets */ = {isa = PBXFileReference; lastKnownFileType = folder.assetcatalog; path = "Preview Assets.xcassets"; sourceTree = "<group>"; };
		BE20E4AD25C7A905000F0E58 /* Base */ = {isa = PBXFileReference; lastKnownFileType = file.storyboard; name = Base; path = Base.lproj/LaunchScreen.storyboard; sourceTree = "<group>"; };
		BE20E4AF25C7A905000F0E58 /* Info.plist */ = {isa = PBXFileReference; lastKnownFileType = text.plist.xml; path = Info.plist; sourceTree = "<group>"; };
/* End PBXFileReference section */

/* Begin PBXFrameworksBuildPhase section */
		BE20E49B25C7A902000F0E58 /* Frameworks */ = {
			isa = PBXFrameworksBuildPhase;
			buildActionMask = 2147483647;
			files = (
			);
			runOnlyForDeploymentPostprocessing = 0;
		};
/* End PBXFrameworksBuildPhase section */

/* Begin PBXGroup section */
		BE20E49525C7A902000F0E58 = {
			isa = PBXGroup;
			children = (
				BE20E4A025C7A902000F0E58 /* YoutubeUI */,
				BE20E49F25C7A902000F0E58 /* Products */,
			);
			sourceTree = "<group>";
		};
		BE20E49F25C7A902000F0E58 /* Products */ = {
			isa = PBXGroup;
			children = (
				BE20E49E25C7A902000F0E58 /* YoutubeUI.app */,
			);
			name = Products;
			sourceTree = "<group>";
		};
		BE20E4A025C7A902000F0E58 /* YoutubeUI */ = {
			isa = PBXGroup;
			children = (
				BE20E4A125C7A902000F0E58 /* AppDelegate.swift */,
				BE20E4A325C7A902000F0E58 /* SceneDelegate.swift */,
				BE20E4A525C7A902000F0E58 /* ContentView.swift */,
				BE20E4A725C7A905000F0E58 /* Assets.xcassets */,
				BE20E4AC25C7A905000F0E58 /* LaunchScreen.storyboard */,
				BE20E4AF25C7A905000F0E58 /* Info.plist */,
				BE06F5B325CE97D500B4784D /* SettingView.swift */,
				BE20E4A925C7A905000F0E58 /* Preview Content */,
			);
			path = YoutubeUI;
			sourceTree = "<group>";
		};
		BE20E4A925C7A905000F0E58 /* Preview Content */ = {
			isa = PBXGroup;
			children = (
				BE20E4AA25C7A905000F0E58 /* Preview Assets.xcassets */,
			);
			path = "Preview Content";
			sourceTree = "<group>";
		};
/* End PBXGroup section */

/* Begin PBXNativeTarget section */
		BE20E49D25C7A902000F0E58 /* YoutubeUI */ = {
			isa = PBXNativeTarget;
			buildConfigurationList = BE20E4B225C7A905000F0E58 /* Build configuration list for PBXNativeTarget "YoutubeUI" */;
			buildPhases = (
				BE20E49A25C7A902000F0E58 /* Sources */,
				BE20E49B25C7A902000F0E58 /* Frameworks */,
				BE20E49C25C7A902000F0E58 /* Resources */,
			);
			buildRules = (
			);
			dependencies = (
			);
			name = YoutubeUI;
			productName = YoutubeUI;
			productReference = BE20E49E25C7A902000F0E58 /* YoutubeUI.app */;
			productType = "com.apple.product-type.application";
		};
/* End PBXNativeTarget section */

/* Begin PBXProject section */
		BE20E49625C7A902000F0E58 /* Project object */ = {
			isa = PBXProject;
			attributes = {
				LastSwiftUpdateCheck = 1220;
				LastUpgradeCheck = 1220;
				TargetAttributes = {
					BE20E49D25C7A902000F0E58 = {
						CreatedOnToolsVersion = 12.2;
					};
				};
			};
			buildConfigurationList = BE20E49925C7A902000F0E58 /* Build configuration list for PBXProject "YoutubeUI" */;
			compatibilityVersion = "Xcode 9.3";
			developmentRegion = en;
			hasScannedForEncodings = 0;
			knownRegions = (
				en,
				Base,
			);
			mainGroup = BE20E49525C7A902000F0E58;
			productRefGroup = BE20E49F25C7A902000F0E58 /* Products */;
			projectDirPath = "";
			projectRoot = "";
			targets = (
				BE20E49D25C7A902000F0E58 /* YoutubeUI */,
			);
		};
/* End PBXProject section */

/* Begin PBXResourcesBuildPhase section */
		BE20E49C25C7A902000F0E58 /* Resources */ = {
			isa = PBXResourcesBuildPhase;
			buildActionMask = 2147483647;
			files = (
				BE20E4AE25C7A905000F0E58 /* LaunchScreen.storyboard in Resources */,
				BE20E4AB25C7A905000F0E58 /* Preview Assets.xcassets in Resources */,
				BE20E4A825C7A905000F0E58 /* Assets.xcassets in Resources */,
			);
			runOnlyForDeploymentPostprocessing = 0;
		};
/* End PBXResourcesBuildPhase section */

/* Begin PBXSourcesBuildPhase section */
		BE20E49A25C7A902000F0E58 /* Sources */ = {
			isa = PBXSourcesBuildPhase;
			buildActionMask = 2147483647;
			files = (
				BE20E4A225C7A902000F0E58 /* AppDelegate.swift in Sources */,
				BE06F5B425CE97D500B4784D /* SettingView.swift in Sources */,
				BE20E4A425C7A902000F0E58 /* SceneDelegate.swift in Sources */,
				BE20E4A625C7A902000F0E58 /* ContentView.swift in Sources */,
			);
			runOnlyForDeploymentPostprocessing = 0;
		};
/* End PBXSourcesBuildPhase section */

/* Begin PBXVariantGroup section */
		BE20E4AC25C7A905000F0E58 /* LaunchScreen.storyboard */ = {
			isa = PBXVariantGroup;
			children = (
				BE20E4AD25C7A905000F0E58 /* Base */,
			);
			name = LaunchScreen.storyboard;
			sourceTree = "<group>";
		};
/* End PBXVariantGroup section */

/* Begin XCBuildConfiguration section */
		BE20E4B025C7A905000F0E58 /* Debug */ = {
			isa = XCBuildConfiguration;
			buildSettings = {
				ALWAYS_SEARCH_USER_PATHS = NO;
				CLANG_ANALYZER_NONNULL = YES;
				CLANG_ANALYZER_NUMBER_OBJECT_CONVERSION = YES_AGGRESSIVE;
				CLANG_CXX_LANGUAGE_STANDARD = "gnu++14";
				CLANG_CXX_LIBRARY = "libc++";
				CLANG_ENABLE_MODULES = YES;
				CLANG_ENABLE_OBJC_ARC = YES;
				CLANG_ENABLE_OBJC_WEAK = YES;
				CLANG_WARN_BLOCK_CAPTURE_AUTORELEASING = YES;
				CLANG_WARN_BOOL_CONVERSION = YES;
				CLANG_WARN_COMMA = YES;
				CLANG_WARN_CONSTANT_CONVERSION = YES;
				CLANG_WARN_DEPRECATED_OBJC_IMPLEMENTATIONS = YES;
				CLANG_WARN_DIRECT_OBJC_ISA_USAGE = YES_ERROR;
				CLANG_WARN_DOCUMENTATION_COMMENTS = YES;
				CLANG_WARN_EMPTY_BODY = YES;
				CLANG_WARN_ENUM_CONVERSION = YES;
				CLANG_WARN_INFINITE_RECURSION = YES;
				CLANG_WARN_INT_CONVERSION = YES;
				CLANG_WARN_NON_LITERAL_NULL_CONVERSION = YES;
				CLANG_WARN_OBJC_IMPLICIT_RETAIN_SELF = YES;
				CLANG_WARN_OBJC_LITERAL_CONVERSION = YES;
				CLANG_WARN_OBJC_ROOT_CLASS = YES_ERROR;
				CLANG_WARN_QUOTED_INCLUDE_IN_FRAMEWORK_HEADER = YES;
				CLANG_WARN_RANGE_LOOP_ANALYSIS = YES;
				CLANG_WARN_STRICT_PROTOTYPES = YES;
				CLANG_WARN_SUSPICIOUS_MOVE = YES;
				CLANG_WARN_UNGUARDED_AVAILABILITY = YES_AGGRESSIVE;
				CLANG_WARN_UNREACHABLE_CODE = YES;
				CLANG_WARN__DUPLICATE_METHOD_MATCH = YES;
				COPY_PHASE_STRIP = NO;
				DEBUG_INFORMATION_FORMAT = dwarf;
				ENABLE_STRICT_OBJC_MSGSEND = YES;
				ENABLE_TESTABILITY = YES;
				GCC_C_LANGUAGE_STANDARD = gnu11;
				GCC_DYNAMIC_NO_PIC = NO;
				GCC_NO_COMMON_BLOCKS = YES;
				GCC_OPTIMIZATION_LEVEL = 0;
				GCC_PREPROCESSOR_DEFINITIONS = (
					"DEBUG=1",
					"$(inherited)",
				);
				GCC_WARN_64_TO_32_BIT_CONVERSION = YES;
				GCC_WARN_ABOUT_RETURN_TYPE = YES_ERROR;
				GCC_WARN_UNDECLARED_SELECTOR = YES;
				GCC_WARN_UNINITIALIZED_AUTOS = YES_AGGRESSIVE;
				GCC_WARN_UNUSED_FUNCTION = YES;
				GCC_WARN_UNUSED_VARIABLE = YES;
				IPHONEOS_DEPLOYMENT_TARGET = 14.2;
				MTL_ENABLE_DEBUG_INFO = INCLUDE_SOURCE;
				MTL_FAST_MATH = YES;
				ONLY_ACTIVE_ARCH = YES;
				SDKROOT = iphoneos;
				SWIFT_ACTIVE_COMPILATION_CONDITIONS = DEBUG;
				SWIFT_OPTIMIZATION_LEVEL = "-Onone";
			};
			name = Debug;
		};
		BE20E4B125C7A905000F0E58 /* Release */ = {
			isa = XCBuildConfiguration;
			buildSettings = {
				ALWAYS_SEARCH_USER_PATHS = NO;
				CLANG_ANALYZER_NONNULL = YES;
				CLANG_ANALYZER_NUMBER_OBJECT_CONVERSION = YES_AGGRESSIVE;
				CLANG_CXX_LANGUAGE_STANDARD = "gnu++14";
				CLANG_CXX_LIBRARY = "libc++";
				CLANG_ENABLE_MODULES = YES;
				CLANG_ENABLE_OBJC_ARC = YES;
				CLANG_ENABLE_OBJC_WEAK = YES;
				CLANG_WARN_BLOCK_CAPTURE_AUTORELEASING = YES;
				CLANG_WARN_BOOL_CONVERSION = YES;
				CLANG_WARN_COMMA = YES;
				CLANG_WARN_CONSTANT_CONVERSION = YES;
				CLANG_WARN_DEPRECATED_OBJC_IMPLEMENTATIONS = YES;
				CLANG_WARN_DIRECT_OBJC_ISA_USAGE = YES_ERROR;
				CLANG_WARN_DOCUMENTATION_COMMENTS = YES;
				CLANG_WARN_EMPTY_BODY = YES;
				CLANG_WARN_ENUM_CONVERSION = YES;
				CLANG_WARN_INFINITE_RECURSION = YES;
				CLANG_WARN_INT_CONVERSION = YES;
				CLANG_WARN_NON_LITERAL_NULL_CONVERSION = YES;
				CLANG_WARN_OBJC_IMPLICIT_RETAIN_SELF = YES;
				CLANG_WARN_OBJC_LITERAL_CONVERSION = YES;
				CLANG_WARN_OBJC_ROOT_CLASS = YES_ERROR;
				CLANG_WARN_QUOTED_INCLUDE_IN_FRAMEWORK_HEADER = YES;
				CLANG_WARN_RANGE_LOOP_ANALYSIS = YES;
				CLANG_WARN_STRICT_PROTOTYPES = YES;
				CLANG_WARN_SUSPICIOUS_MOVE = YES;
				CLANG_WARN_UNGUARDED_AVAILABILITY = YES_AGGRESSIVE;
				CLANG_WARN_UNREACHABLE_CODE = YES;
				CLANG_WARN__DUPLICATE_METHOD_MATCH = YES;
				COPY_PHASE_STRIP = NO;
				DEBUG_INFORMATION_FORMAT = "dwarf-with-dsym";
				ENABLE_NS_ASSERTIONS = NO;
				ENABLE_STRICT_OBJC_MSGSEND = YES;
				GCC_C_LANGUAGE_STANDARD = gnu11;
				GCC_NO_COMMON_BLOCKS = YES;
				GCC_WARN_64_TO_32_BIT_CONVERSION = YES;
				GCC_WARN_ABOUT_RETURN_TYPE = YES_ERROR;
				GCC_WARN_UNDECLARED_SELECTOR = YES;
				GCC_WARN_UNINITIALIZED_AUTOS = YES_AGGRESSIVE;
				GCC_WARN_UNUSED_FUNCTION = YES;
				GCC_WARN_UNUSED_VARIABLE = YES;
				IPHONEOS_DEPLOYMENT_TARGET = 14.2;
				MTL_ENABLE_DEBUG_INFO = NO;
				MTL_FAST_MATH = YES;
				SDKROOT = iphoneos;
				SWIFT_COMPILATION_MODE = wholemodule;
				SWIFT_OPTIMIZATION_LEVEL = "-O";
				VALIDATE_PRODUCT = YES;
			};
			name = Release;
		};
		BE20E4B325C7A905000F0E58 /* Debug */ = {
			isa = XCBuildConfiguration;
			buildSettings = {
				ASSETCATALOG_COMPILER_APPICON_NAME = AppIcon;
				ASSETCATALOG_COMPILER_GLOBAL_ACCENT_COLOR_NAME = AccentColor;
				CODE_SIGN_STYLE = Automatic;
				DEVELOPMENT_ASSET_PATHS = "\"YoutubeUI/Preview Content\"";
				DEVELOPMENT_TEAM = G6H729FCY9;
				ENABLE_PREVIEWS = YES;
				INFOPLIST_FILE = YoutubeUI/Info.plist;
				LD_RUNPATH_SEARCH_PATHS = (
					"$(inherited)",
					"@executable_path/Frameworks",
				);
				PRODUCT_BUNDLE_IDENTIFIER = com.azzam.YoutubeUI;
				PRODUCT_NAME = "$(TARGET_NAME)";
				SWIFT_VERSION = 5.0;
				TARGETED_DEVICE_FAMILY = "1,2";
			};
			name = Debug;
		};
		BE20E4B425C7A905000F0E58 /* Release */ = {
			isa = XCBuildConfiguration;
			buildSettings = {
				ASSETCATALOG_COMPILER_APPICON_NAME = AppIcon;
				ASSETCATALOG_COMPILER_GLOBAL_ACCENT_COLOR_NAME = AccentColor;
				CODE_SIGN_STYLE = Automatic;
				DEVELOPMENT_ASSET_PATHS = "\"YoutubeUI/Preview Content\"";
				DEVELOPMENT_TEAM = G6H729FCY9;
				ENABLE_PREVIEWS = YES;
				INFOPLIST_FILE = YoutubeUI/Info.plist;
				LD_RUNPATH_SEARCH_PATHS = (
					"$(inherited)",
					"@executable_path/Frameworks",
				);
				PRODUCT_BUNDLE_IDENTIFIER = com.azzam.YoutubeUI;
				PRODUCT_NAME = "$(TARGET_NAME)";
				SWIFT_VERSION = 5.0;
				TARGETED_DEVICE_FAMILY = "1,2";
			};
			name = Release;
		};
/* End XCBuildConfiguration section */

/* Begin XCConfigurationList section */
		BE20E49925C7A902000F0E58 /* Build configuration list for PBXProject "YoutubeUI" */ = {
			isa = XCConfigurationList;
			buildConfigurations = (
				BE20E4B025C7A905000F0E58 /* Debug */,
				BE20E4B125C7A905000F0E58 /* Release */,
			);
			defaultConfigurationIsVisible = 0;
			defaultConfigurationName = Release;
		};
		BE20E4B225C7A905000F0E58 /* Build configuration list for PBXNativeTarget "YoutubeUI" */ = {
			isa = XCConfigurationList;
			buildConfigurations = (
				BE20E4B325C7A905000F0E58 /* Debug */,
				BE20E4B425C7A905000F0E58 /* Release */,
			);
			defaultConfigurationIsVisible = 0;
			defaultConfigurationName = Release;
		};
/* End XCConfigurationList section */
	};
	rootObject = BE20E49625C7A902000F0E58 /* Project object */;
}
